
Microsoft Visual Studio Solution File, Format Version 12.00
# Visual Studio Version 16
VisualStudioVersion = 25.0.1700.1
MinimumVisualStudioVersion = 10.0.40219.1
Project("{FAE04EC0-301F-11D3-BF4B-00C04F79EFBC}") = "CalculatorApi", "CalculatorApi\CalculatorApi.csproj", "{F38B7770-BA5F-45F0-AE00-5BE2ABE9B57D}"
EndProject
Project("{FAE04EC0-301F-11D3-BF4B-00C04F79EFBC}") = "Calculation", "Calculation\Calculation.csproj", "{5810DC2A-711B-47BF-B4AA-03D3A21C2650}"
EndProject
Global
	GlobalSection(SolutionConfigurationPlatforms) = preSolution
		Debug|Any CPU = Debug|Any CPU
		Release|Any CPU = Release|Any CPU
	EndGlobalSection
	GlobalSection(ProjectConfigurationPlatforms) = postSolution
		{F38B7770-BA5F-45F0-AE00-5BE2ABE9B57D}.Debug|Any CPU.ActiveCfg = Debug|Any CPU
		{F38B7770-BA5F-45F0-AE00-5BE2ABE9B57D}.Debug|Any CPU.Build.0 = Debug|Any CPU
		{F38B7770-BA5F-45F0-AE00-5BE2ABE9B57D}.Release|Any CPU.ActiveCfg = Release|Any CPU
		{F38B7770-BA5F-45F0-AE00-5BE2ABE9B57D}.Release|Any CPU.Build.0 = Release|Any CPU
		{5810DC2A-711B-47BF-B4AA-03D3A21C2650}.Debug|Any CPU.ActiveCfg = Debug|Any CPU
		{5810DC2A-711B-47BF-B4AA-03D3A21C2650}.Debug|Any CPU.Build.0 = Debug|Any CPU
		{5810DC2A-711B-47BF-B4AA-03D3A21C2650}.Release|Any CPU.ActiveCfg = Release|Any CPU
		{5810DC2A-711B-47BF-B4AA-03D3A21C2650}.Release|Any CPU.Build.0 = Release|Any CPU
	EndGlobalSection
	GlobalSection(SolutionProperties) = preSolution
		HideSolutionNode = FALSE
	EndGlobalSection
	GlobalSection(ExtensibilityGlobals) = postSolution
		SolutionGuid = {445DC0DC-1D48-4953-897F-742195C3DE6A}
	EndGlobalSection
EndGlobal
